// !$*UTF8*$!
{
	archiveVersion = 1;
	classes = {
	};
	objectVersion = 77;
	objects = {

/* Begin PBXBuildFile section */
		0FB052E8590C5796ACD05A63 /* TodayView.swift in Sources */ = {isa = PBXBuildFile; fileRef = 6D4910877CE00272BD51EF95 /* TodayView.swift */; };
		0FC83CAEE83D92B5C7E38B7E /* FrenchAudio in Resources */ = {isa = PBXBuildFile; fileRef = E13F81FB0A923D62F3D14BA9 /* FrenchAudio */; };
		1550FCF959D0ACE4492668A4 /* AdaptiveRootView.swift in Sources */ = {isa = PBXBuildFile; fileRef = 099EDBA4F295E3711A02FEB6 /* AdaptiveRootView.swift */; };
		3FF23C442FE5D683ABC7EBA7 /* LoquivoApp.swift in Sources */ = {isa = PBXBuildFile; fileRef = 3778B717FB57AAF605AD4560 /* LoquivoApp.swift */; };
		44BEA7F66927780CC3E8C6D1 /* OnboardingView.swift in Sources */ = {isa = PBXBuildFile; fileRef = FD290AC90DD979D3DCBDE88D /* OnboardingView.swift */; };
		45EEE3A1164655641C041783 /* SecureAppleSignInButton.swift in Sources */ = {isa = PBXBuildFile; fileRef = 54E87C3469BA309114527639 /* SecureAppleSignInButton.swift */; };
		48DAE84E11A58512F75BEAE7 /* LoquivoUITests.swift in Sources */ = {isa = PBXBuildFile; fileRef = 43CFA947FB7C900A232F8F47 /* LoquivoUITests.swift */; };
		5854C39821AD6C0B4F4FBF55 /* Assets.xcassets in Resources */ = {isa = PBXBuildFile; fileRef = B412E6BD767859DC5798E592 /* Assets.xcassets */; };
		5B92BC91C2B6FAE49D9ED350 /* ChallengeView.swift in Sources */ = {isa = PBXBuildFile; fileRef = 6128E0DC4FDA5B1008ABF864 /* ChallengeView.swift */; };
		6342E7038BA8C1361693AB2D /* CollectiblesView.swift in Sources */ = {isa = PBXBuildFile; fileRef = 734C19A72208ECA9A7A087AE /* CollectiblesView.swift */; };
		66CCE4CA6590AB704438C710 /* AppEntryView.swift in Sources */ = {isa = PBXBuildFile; fileRef = 5D4E9E42ACCA9AF2A8BF4339 /* AppEntryView.swift */; };
		670D9558BE0E59135E195186 /* LoquivoCore in Frameworks */ = {isa = PBXBuildFile; productRef = 8ECACE2E543DE7A62AF9167C /* LoquivoCore */; };
		794FEA5F00A621062D22BA54 /* AppEnvironment.swift in Sources */ = {isa = PBXBuildFile; fileRef = 5399A9DD09A06683C8760F3B /* AppEnvironment.swift */; };
		79F0C537341057A00073C2E8 /* AppDependencies.swift in Sources */ = {isa = PBXBuildFile; fileRef = EC878AE6562C4E49004A4FB2 /* AppDependencies.swift */; };
		7B5BFB143861608A0618027D /* FrenchAudioPlayer.swift in Sources */ = {isa = PBXBuildFile; fileRef = A1AE57DD4BCD99897639B553 /* FrenchAudioPlayer.swift */; };
		7B648584072C9AC0C927AEC9 /* LoquivoCore in Frameworks */ = {isa = PBXBuildFile; productRef = D32EEB1F4A5FFFDDF2D4C72E /* LoquivoCore */; };
		7C1BA10A4BB02CA80EEBE1BA /* ReviewView.swift in Sources */ = {isa = PBXBuildFile; fileRef = D0C31B8FA7C72192213D5A6E /* ReviewView.swift */; };
		7ED7010034897DBB8F965B07 /* JourneyView.swift in Sources */ = {isa = PBXBuildFile; fileRef = 94D84CF13C7CC1E54C789641 /* JourneyView.swift */; };
		803AF7D5C592C1B444DF7925 /* KeychainSessionStore.swift in Sources */ = {isa = PBXBuildFile; fileRef = 63F5E95C18191F88C04C86B1 /* KeychainSessionStore.swift */; };
		88C33FF9C84B80FDD2809952 /* WordbookView.swift in Sources */ = {isa = PBXBuildFile; fileRef = 5E9CC8A8CFCE06A2001E6B87 /* WordbookView.swift */; };
		94D0FE7FD0190F4D6B89B090 /* LoquivoTests.swift in Sources */ = {isa = PBXBuildFile; fileRef = 292C885411750F6255B9B4D2 /* LoquivoTests.swift */; };
		B4CAD10469417F8F9C71FF60 /* Theme.swift in Sources */ = {isa = PBXBuildFile; fileRef = 30056B4C8175435C0DC7A0CD /* Theme.swift */; };
		BB3CC00E9545FF43AA5C5D12 /* ReminderScheduler.swift in Sources */ = {isa = PBXBuildFile; fileRef = 02E0E5C6E3FCEDB324D84E34 /* ReminderScheduler.swift */; };
		C0228C00A5FE3050361DC7A2 /* AppModel.swift in Sources */ = {isa = PBXBuildFile; fileRef = 3670B07BC7760B6FDA184E79 /* AppModel.swift */; };
		C82E228D51364EFEDB7592F4 /* AppleSignInNonce.swift in Sources */ = {isa = PBXBuildFile; fileRef = 1EE60521B114BE05BDE1396D /* AppleSignInNonce.swift */; };
		C88492B3F6DFD97517F2D293 /* ProfileView.swift in Sources */ = {isa = PBXBuildFile; fileRef = 8EF63E9CC6D79592E8E348C2 /* ProfileView.swift */; };
		D2F9E19571452137B6DF9132 /* APIClient.swift in Sources */ = {isa = PBXBuildFile; fileRef = 70B39641394F2E2518EFDBD7 /* APIClient.swift */; };
		DCED9BC213E721F0CCD30161 /* DiceView.swift in Sources */ = {isa = PBXBuildFile; fileRef = 98392FD56D8B54627FEA04C6 /* DiceView.swift */; };
		E81A6DB1AF91C0544495D1D4 /* LessonFlowView.swift in Sources */ = {isa = PBXBuildFile; fileRef = 8D94E5D5047BB0B3168D3EEB /* LessonFlowView.swift */; };
		F7EFEF76C500B268D44628EF /* PrivacyInfo.xcprivacy in Resources */ = {isa = PBXBuildFile; fileRef = FC02235DBBCD8FC1DC7CF2BC /* PrivacyInfo.xcprivacy */; };
/* End PBXBuildFile section */

/* Begin PBXContainerItemProxy section */
		2118C6E4E5797DC170D3C53F /* PBXContainerItemProxy */ = {
			isa = PBXContainerItemProxy;
			containerPortal = E329497934EB6B889CAA1CB3 /* Project object */;
			proxyType = 1;
			remoteGlobalIDString = 4C2E6377ECB50AE89A4A4970;
			remoteInfo = Loquivo;
		};
		E0610B6402AC1A6CCA489746 /* PBXContainerItemProxy */ = {
			isa = PBXContainerItemProxy;
			containerPortal = E329497934EB6B889CAA1CB3 /* Project object */;
			proxyType = 1;
			remoteGlobalIDString = 4C2E6377ECB50AE89A4A4970;
			remoteInfo = Loquivo;
		};
/* End PBXContainerItemProxy section */

/* Begin PBXFileReference section */
		02E0E5C6E3FCEDB324D84E34 /* ReminderScheduler.swift */ = {isa = PBXFileReference; lastKnownFileType = sourcecode.swift; path = ReminderScheduler.swift; sourceTree = "<group>"; };
		099EDBA4F295E3711A02FEB6 /* AdaptiveRootView.swift */ = {isa = PBXFileReference; lastKnownFileType = sourcecode.swift; path = AdaptiveRootView.swift; sourceTree = "<group>"; };
		1EE60521B114BE05BDE1396D /* AppleSignInNonce.swift */ = {isa = PBXFileReference; lastKnownFileType = sourcecode.swift; path = AppleSignInNonce.swift; sourceTree = "<group>"; };
		292C885411750F6255B9B4D2 /* LoquivoTests.swift */ = {isa = PBXFileReference; lastKnownFileType = sourcecode.swift; path = LoquivoTests.swift; sourceTree = "<group>"; };
		30056B4C8175435C0DC7A0CD /* Theme.swift */ = {isa = PBXFileReference; lastKnownFileType = sourcecode.swift; path = Theme.swift; sourceTree = "<group>"; };
		3670B07BC7760B6FDA184E79 /* AppModel.swift */ = {isa = PBXFileReference; lastKnownFileType = sourcecode.swift; path = AppModel.swift; sourceTree = "<group>"; };
		3778B717FB57AAF605AD4560 /* LoquivoApp.swift */ = {isa = PBXFileReference; lastKnownFileType = sourcecode.swift; path = LoquivoApp.swift; sourceTree = "<group>"; };
		43CFA947FB7C900A232F8F47 /* LoquivoUITests.swift */ = {isa = PBXFileReference; lastKnownFileType = sourcecode.swift; path = LoquivoUITests.swift; sourceTree = "<group>"; };
		4C0163E60FC401F8DB31F675 /* Shared.xcconfig */ = {isa = PBXFileReference; lastKnownFileType = text.xcconfig; path = Shared.xcconfig; sourceTree = "<group>"; };
		5399A9DD09A06683C8760F3B /* AppEnvironment.swift */ = {isa = PBXFileReference; lastKnownFileType = sourcecode.swift; path = AppEnvironment.swift; sourceTree = "<group>"; };
		54E87C3469BA309114527639 /* SecureAppleSignInButton.swift */ = {isa = PBXFileReference; lastKnownFileType = sourcecode.swift; path = SecureAppleSignInButton.swift; sourceTree = "<group>"; };
		5D4E9E42ACCA9AF2A8BF4339 /* AppEntryView.swift */ = {isa = PBXFileReference; lastKnownFileType = sourcecode.swift; path = AppEntryView.swift; sourceTree = "<group>"; };
		5E9CC8A8CFCE06A2001E6B87 /* WordbookView.swift */ = {isa = PBXFileReference; lastKnownFileType = sourcecode.swift; path = WordbookView.swift; sourceTree = "<group>"; };
		6128E0DC4FDA5B1008ABF864 /* ChallengeView.swift */ = {isa = PBXFileReference; lastKnownFileType = sourcecode.swift; path = ChallengeView.swift; sourceTree = "<group>"; };
		63F5E95C18191F88C04C86B1 /* KeychainSessionStore.swift */ = {isa = PBXFileReference; lastKnownFileType = sourcecode.swift; path = KeychainSessionStore.swift; sourceTree = "<group>"; };
		6C7FFEE4AF7D72271C8B8495 /* Loquivo.app */ = {isa = PBXFileReference; includeInIndex = 0; lastKnownFileType = wrapper.application; path = Loquivo.app; sourceTree = BUILT_PRODUCTS_DIR; };
		6D4910877CE00272BD51EF95 /* TodayView.swift */ = {isa = PBXFileReference; lastKnownFileType = sourcecode.swift; path = TodayView.swift; sourceTree = "<group>"; };
		70B39641394F2E2518EFDBD7 /* APIClient.swift */ = {isa = PBXFileReference; lastKnownFileType = sourcecode.swift; path = APIClient.swift; sourceTree = "<group>"; };
		734C19A72208ECA9A7A087AE /* CollectiblesView.swift */ = {isa = PBXFileReference; lastKnownFileType = sourcecode.swift; path = CollectiblesView.swift; sourceTree = "<group>"; };
		7C08CBD22A62E37E47A9FB83 /* Info.plist */ = {isa = PBXFileReference; lastKnownFileType = text.plist; path = Info.plist; sourceTree = "<group>"; };
		84420CA2EF0FA85EE96F3485 /* LoquivoCore */ = {isa = PBXFileReference; lastKnownFileType = folder; name = LoquivoCore; path = ../LoquivoCore; sourceTree = SOURCE_ROOT; };
		8874F9678D3FB80C982F9623 /* LoquivoTests.xctest */ = {isa = PBXFileReference; includeInIndex = 0; lastKnownFileType = wrapper.cfbundle; path = LoquivoTests.xctest; sourceTree = BUILT_PRODUCTS_DIR; };
		8D94E5D5047BB0B3168D3EEB /* LessonFlowView.swift */ = {isa = PBXFileReference; lastKnownFileType = sourcecode.swift; path = LessonFlowView.swift; sourceTree = "<group>"; };
		8EF63E9CC6D79592E8E348C2 /* ProfileView.swift */ = {isa = PBXFileReference; lastKnownFileType = sourcecode.swift; path = ProfileView.swift; sourceTree = "<group>"; };
		906DEFBB75CB16E4464BF46E /* LoquivoUITests.xctest */ = {isa = PBXFileReference; includeInIndex = 0; lastKnownFileType = wrapper.cfbundle; path = LoquivoUITests.xctest; sourceTree = BUILT_PRODUCTS_DIR; };
		94D84CF13C7CC1E54C789641 /* JourneyView.swift */ = {isa = PBXFileReference; lastKnownFileType = sourcecode.swift; path = JourneyView.swift; sourceTree = "<group>"; };
		98392FD56D8B54627FEA04C6 /* DiceView.swift */ = {isa = PBXFileReference; lastKnownFileType = sourcecode.swift; path = DiceView.swift; sourceTree = "<group>"; };
		A1AE57DD4BCD99897639B553 /* FrenchAudioPlayer.swift */ = {isa = PBXFileReference; lastKnownFileType = sourcecode.swift; path = FrenchAudioPlayer.swift; sourceTree = "<group>"; };
		B412E6BD767859DC5798E592 /* Assets.xcassets */ = {isa = PBXFileReference; lastKnownFileType = folder.assetcatalog; path = Assets.xcassets; sourceTree = "<group>"; };
		D0C31B8FA7C72192213D5A6E /* ReviewView.swift */ = {isa = PBXFileReference; lastKnownFileType = sourcecode.swift; path = ReviewView.swift; sourceTree = "<group>"; };
		D1CDBC6D7F0F5FAD845303B3 /* Loquivo.entitlements */ = {isa = PBXFileReference; lastKnownFileType = text.plist.entitlements; path = Loquivo.entitlements; sourceTree = "<group>"; };
		E13F81FB0A923D62F3D14BA9 /* FrenchAudio */ = {isa = PBXFileReference; lastKnownFileType = folder; name = FrenchAudio; path = ../../public/audio/fr; sourceTree = SOURCE_ROOT; };
		EC878AE6562C4E49004A4FB2 /* AppDependencies.swift */ = {isa = PBXFileReference; lastKnownFileType = sourcecode.swift; path = AppDependencies.swift; sourceTree = "<group>"; };
		FC02235DBBCD8FC1DC7CF2BC /* PrivacyInfo.xcprivacy */ = {isa = PBXFileReference; path = PrivacyInfo.xcprivacy; sourceTree = "<group>"; };
		FD290AC90DD979D3DCBDE88D /* OnboardingView.swift */ = {isa = PBXFileReference; lastKnownFileType = sourcecode.swift; path = OnboardingView.swift; sourceTree = "<group>"; };
/* End PBXFileReference section */

/* Begin PBXFrameworksBuildPhase section */
		A9E59D807F5497BF7ECE0799 /* Frameworks */ = {
			isa = PBXFrameworksBuildPhase;
			buildActionMask = 2147483647;
			files = (
				670D9558BE0E59135E195186 /* LoquivoCore in Frameworks */,
			);
			runOnlyForDeploymentPostprocessing = 0;
		};
		EC9D75BDF9015AD709BEF32B /* Frameworks */ = {
			isa = PBXFrameworksBuildPhase;
			buildActionMask = 2147483647;
			files = (
				7B648584072C9AC0C927AEC9 /* LoquivoCore in Frameworks */,
			);
			runOnlyForDeploymentPostprocessing = 0;
		};
/* End PBXFrameworksBuildPhase section */

/* Begin PBXGroup section */
		206E86A1AECA5CA388ED0A21 /* Products */ = {
			isa = PBXGroup;
			children = (
				6C7FFEE4AF7D72271C8B8495 /* Loquivo.app */,
				8874F9678D3FB80C982F9623 /* LoquivoTests.xctest */,
				906DEFBB75CB16E4464BF46E /* LoquivoUITests.xctest */,
			);
			name = Products;
			sourceTree = "<group>";
		};
		4CC89DC81D93D5AFC391502B /* LoquivoUITests */ = {
			isa = PBXGroup;
			children = (
				43CFA947FB7C900A232F8F47 /* LoquivoUITests.swift */,
			);
			path = LoquivoUITests;
			sourceTree = "<group>";
		};
		51A0C312204B3AFFE7F59C02 /* Configuration */ = {
			isa = PBXGroup;
			children = (
				4C0163E60FC401F8DB31F675 /* Shared.xcconfig */,
			);
			path = Configuration;
			sourceTree = "<group>";
		};
		59EBC3219D3762570C6FEC42 /* App */ = {
			isa = PBXGroup;
			children = (
				5D4E9E42ACCA9AF2A8BF4339 /* AppEntryView.swift */,
				5399A9DD09A06683C8760F3B /* AppEnvironment.swift */,
				3670B07BC7760B6FDA184E79 /* AppModel.swift */,
				3778B717FB57AAF605AD4560 /* LoquivoApp.swift */,
			);
			path = App;
			sourceTree = "<group>";
		};
		6F6321EC4D905E0B03D4FBCD /* Packages */ = {
			isa = PBXGroup;
			children = (
				84420CA2EF0FA85EE96F3485 /* LoquivoCore */,
			);
			name = Packages;
			sourceTree = "<group>";
		};
		70E49699F1B50D911D6472C4 /* Features */ = {
			isa = PBXGroup;
			children = (
				099EDBA4F295E3711A02FEB6 /* AdaptiveRootView.swift */,
				6128E0DC4FDA5B1008ABF864 /* ChallengeView.swift */,
				734C19A72208ECA9A7A087AE /* CollectiblesView.swift */,
				98392FD56D8B54627FEA04C6 /* DiceView.swift */,
				94D84CF13C7CC1E54C789641 /* JourneyView.swift */,
				8D94E5D5047BB0B3168D3EEB /* LessonFlowView.swift */,
				FD290AC90DD979D3DCBDE88D /* OnboardingView.swift */,
				8EF63E9CC6D79592E8E348C2 /* ProfileView.swift */,
				D0C31B8FA7C72192213D5A6E /* ReviewView.swift */,
				6D4910877CE00272BD51EF95 /* TodayView.swift */,
				5E9CC8A8CFCE06A2001E6B87 /* WordbookView.swift */,
			);
			path = Features;
			sourceTree = "<group>";
		};
		7E869739587E8679ABBEDC6B /* Services */ = {
			isa = PBXGroup;
			children = (
				70B39641394F2E2518EFDBD7 /* APIClient.swift */,
				EC878AE6562C4E49004A4FB2 /* AppDependencies.swift */,
				A1AE57DD4BCD99897639B553 /* FrenchAudioPlayer.swift */,
				02E0E5C6E3FCEDB324D84E34 /* ReminderScheduler.swift */,
			);
			path = Services;
			sourceTree = "<group>";
		};
		90625E82BD82A6718A0754EC /* Auth */ = {
			isa = PBXGroup;
			children = (
				1EE60521B114BE05BDE1396D /* AppleSignInNonce.swift */,
				63F5E95C18191F88C04C86B1 /* KeychainSessionStore.swift */,
				54E87C3469BA309114527639 /* SecureAppleSignInButton.swift */,
			);
			path = Auth;
			sourceTree = "<group>";
		};
		94EAC4747553E4528BDE3086 /* LoquivoApp */ = {
			isa = PBXGroup;
			children = (
				59EBC3219D3762570C6FEC42 /* App */,
				90625E82BD82A6718A0754EC /* Auth */,
				E94E8C7FD1D6D2C8C607219A /* DesignSystem */,
				70E49699F1B50D911D6472C4 /* Features */,
				7E869739587E8679ABBEDC6B /* Services */,
				B412E6BD767859DC5798E592 /* Assets.xcassets */,
				7C08CBD22A62E37E47A9FB83 /* Info.plist */,
				D1CDBC6D7F0F5FAD845303B3 /* Loquivo.entitlements */,
				FC02235DBBCD8FC1DC7CF2BC /* PrivacyInfo.xcprivacy */,
			);
			path = LoquivoApp;
			sourceTree = "<group>";
		};
		974A8E12028207E53364ED24 = {
			isa = PBXGroup;
			children = (
				51A0C312204B3AFFE7F59C02 /* Configuration */,
				94EAC4747553E4528BDE3086 /* LoquivoApp */,
				B7A0758F004ED6F34F6B1A84 /* LoquivoTests */,
				4CC89DC81D93D5AFC391502B /* LoquivoUITests */,
				6F6321EC4D905E0B03D4FBCD /* Packages */,
				E13F81FB0A923D62F3D14BA9 /* FrenchAudio */,
				206E86A1AECA5CA388ED0A21 /* Products */,
			);
			sourceTree = "<group>";
		};
		B7A0758F004ED6F34F6B1A84 /* LoquivoTests */ = {
			isa = PBXGroup;
			children = (
				292C885411750F6255B9B4D2 /* LoquivoTests.swift */,
			);
			path = LoquivoTests;
			sourceTree = "<group>";
		};
		E94E8C7FD1D6D2C8C607219A /* DesignSystem */ = {
			isa = PBXGroup;
			children = (
				30056B4C8175435C0DC7A0CD /* Theme.swift */,
			);
			path = DesignSystem;
			sourceTree = "<group>";
		};
/* End PBXGroup section */

/* Begin PBXNativeTarget section */
		4C2E6377ECB50AE89A4A4970 /* Loquivo */ = {
			isa = PBXNativeTarget;
			buildConfigurationList = EC3E0303BF348A43121FEA15 /* Build configuration list for PBXNativeTarget "Loquivo" */;
			buildPhases = (
				5F41CD362839D4806428AC5E /* Sources */,
				F2FB83BA2248329785EC4F71 /* Resources */,
				A9E59D807F5497BF7ECE0799 /* Frameworks */,
			);
			buildRules = (
			);
			dependencies = (
			);
			name = Loquivo;
			packageProductDependencies = (
				8ECACE2E543DE7A62AF9167C /* LoquivoCore */,
			);
			productName = Loquivo;
			productReference = 6C7FFEE4AF7D72271C8B8495 /* Loquivo.app */;
			productType = "com.apple.product-type.application";
		};
		50DCB327521245959825CF0E /* LoquivoUITests */ = {
			isa = PBXNativeTarget;
			buildConfigurationList = ACDAEA2040A332EE4F5C24B4 /* Build configuration list for PBXNativeTarget "LoquivoUITests" */;
			buildPhases = (
				31FC1E91B00A61BCFE1A88C1 /* Sources */,
			);
			buildRules = (
			);
			dependencies = (
				5893DF72A495F0413BA0A364 /* PBXTargetDependency */,
			);
			name = LoquivoUITests;
			packageProductDependencies = (
			);
			productName = LoquivoUITests;
			productReference = 906DEFBB75CB16E4464BF46E /* LoquivoUITests.xctest */;
			productType = "com.apple.product-type.bundle.ui-testing";
		};
		B334CE0BAFCEC5BE287552A5 /* LoquivoTests */ = {
			isa = PBXNativeTarget;
			buildConfigurationList = 8B542650CB8A4443C33AAA23 /* Build configuration list for PBXNativeTarget "LoquivoTests" */;
			buildPhases = (
				D4E318AD72D1650742E290CE /* Sources */,
				EC9D75BDF9015AD709BEF32B /* Frameworks */,
			);
			buildRules = (
			);
			dependencies = (
				1308ACADEEDC91A01C162B1B /* PBXTargetDependency */,
			);
			name = LoquivoTests;
			packageProductDependencies = (
				D32EEB1F4A5FFFDDF2D4C72E /* LoquivoCore */,
			);
			productName = LoquivoTests;
			productReference = 8874F9678D3FB80C982F9623 /* LoquivoTests.xctest */;
			productType = "com.apple.product-type.bundle.unit-test";
		};
/* End PBXNativeTarget section */

/* Begin PBXProject section */
		E329497934EB6B889CAA1CB3 /* Project object */ = {
			isa = PBXProject;
			attributes = {
				BuildIndependentTargetsInParallel = YES;
				LastUpgradeCheck = 1430;
				TargetAttributes = {
					4C2E6377ECB50AE89A4A4970 = {
						DevelopmentTeam = "";
						ProvisioningStyle = Automatic;
					};
					50DCB327521245959825CF0E = {
						DevelopmentTeam = "";
						ProvisioningStyle = Automatic;
						TestTargetID = 4C2E6377ECB50AE89A4A4970;
					};
					B334CE0BAFCEC5BE287552A5 = {
						DevelopmentTeam = "";
						ProvisioningStyle = Automatic;
					};
				};
			};
			buildConfigurationList = 963352C3F542DD18D50612C0 /* Build configuration list for PBXProject "Loquivo" */;
			developmentRegion = en;
			hasScannedForEncodings = 0;
			knownRegions = (
				Base,
				en,
			);
			mainGroup = 974A8E12028207E53364ED24;
			minimizedProjectReferenceProxies = 1;
			packageReferences = (
				F29217BEA8D5023895B2C62B /* XCLocalSwiftPackageReference "../LoquivoCore" */,
			);
			preferredProjectObjectVersion = 77;
			productRefGroup = 206E86A1AECA5CA388ED0A21 /* Products */;
			projectDirPath = "";
			projectRoot = "";
			targets = (
				4C2E6377ECB50AE89A4A4970 /* Loquivo */,
				B334CE0BAFCEC5BE287552A5 /* LoquivoTests */,
				50DCB327521245959825CF0E /* LoquivoUITests */,
			);
		};
/* End PBXProject section */

/* Begin PBXResourcesBuildPhase section */
		F2FB83BA2248329785EC4F71 /* Resources */ = {
			isa = PBXResourcesBuildPhase;
			buildActionMask = 2147483647;
			files = (
				5854C39821AD6C0B4F4FBF55 /* Assets.xcassets in Resources */,
				F7EFEF76C500B268D44628EF /* PrivacyInfo.xcprivacy in Resources */,
				0FC83CAEE83D92B5C7E38B7E /* FrenchAudio in Resources */,
			);
			runOnlyForDeploymentPostprocessing = 0;
		};
/* End PBXResourcesBuildPhase section */

/* Begin PBXSourcesBuildPhase section */
		31FC1E91B00A61BCFE1A88C1 /* Sources */ = {
			isa = PBXSourcesBuildPhase;
			buildActionMask = 2147483647;
			files = (
				48DAE84E11A58512F75BEAE7 /* LoquivoUITests.swift in Sources */,
			);
			runOnlyForDeploymentPostprocessing = 0;
		};
		5F41CD362839D4806428AC5E /* Sources */ = {
			isa = PBXSourcesBuildPhase;
			buildActionMask = 2147483647;
			files = (
				D2F9E19571452137B6DF9132 /* APIClient.swift in Sources */,
				1550FCF959D0ACE4492668A4 /* AdaptiveRootView.swift in Sources */,
				79F0C537341057A00073C2E8 /* AppDependencies.swift in Sources */,
				66CCE4CA6590AB704438C710 /* AppEntryView.swift in Sources */,
				794FEA5F00A621062D22BA54 /* AppEnvironment.swift in Sources */,
				C0228C00A5FE3050361DC7A2 /* AppModel.swift in Sources */,
				C82E228D51364EFEDB7592F4 /* AppleSignInNonce.swift in Sources */,
				5B92BC91C2B6FAE49D9ED350 /* ChallengeView.swift in Sources */,
				6342E7038BA8C1361693AB2D /* CollectiblesView.swift in Sources */,
				DCED9BC213E721F0CCD30161 /* DiceView.swift in Sources */,
				7B5BFB143861608A0618027D /* FrenchAudioPlayer.swift in Sources */,
				7ED7010034897DBB8F965B07 /* JourneyView.swift in Sources */,
				803AF7D5C592C1B444DF7925 /* KeychainSessionStore.swift in Sources */,
				E81A6DB1AF91C0544495D1D4 /* LessonFlowView.swift in Sources */,
				3FF23C442FE5D683ABC7EBA7 /* LoquivoApp.swift in Sources */,
				44BEA7F66927780CC3E8C6D1 /* OnboardingView.swift in Sources */,
				C88492B3F6DFD97517F2D293 /* ProfileView.swift in Sources */,
				BB3CC00E9545FF43AA5C5D12 /* ReminderScheduler.swift in Sources */,
				7C1BA10A4BB02CA80EEBE1BA /* ReviewView.swift in Sources */,
				45EEE3A1164655641C041783 /* SecureAppleSignInButton.swift in Sources */,
				B4CAD10469417F8F9C71FF60 /* Theme.swift in Sources */,
				0FB052E8590C5796ACD05A63 /* TodayView.swift in Sources */,
				88C33FF9C84B80FDD2809952 /* WordbookView.swift in Sources */,
			);
			runOnlyForDeploymentPostprocessing = 0;
		};
		D4E318AD72D1650742E290CE /* Sources */ = {
			isa = PBXSourcesBuildPhase;
			buildActionMask = 2147483647;
			files = (
				94D0FE7FD0190F4D6B89B090 /* LoquivoTests.swift in Sources */,
			);
			runOnlyForDeploymentPostprocessing = 0;
		};
/* End PBXSourcesBuildPhase section */

/* Begin PBXTargetDependency section */
		1308ACADEEDC91A01C162B1B /* PBXTargetDependency */ = {
			isa = PBXTargetDependency;
			target = 4C2E6377ECB50AE89A4A4970 /* Loquivo */;
			targetProxy = E0610B6402AC1A6CCA489746 /* PBXContainerItemProxy */;
		};
		5893DF72A495F0413BA0A364 /* PBXTargetDependency */ = {
			isa = PBXTargetDependency;
			target = 4C2E6377ECB50AE89A4A4970 /* Loquivo */;
			targetProxy = 2118C6E4E5797DC170D3C53F /* PBXContainerItemProxy */;
		};
/* End PBXTargetDependency section */

/* Begin XCBuildConfiguration section */
		03F66407BE354A42C3438E77 /* Release */ = {
			isa = XCBuildConfiguration;
			baseConfigurationReference = 4C0163E60FC401F8DB31F675 /* Shared.xcconfig */;
			buildSettings = {
				ASSETCATALOG_COMPILER_APPICON_NAME = AppIcon;
				ASSETCATALOG_COMPILER_GLOBAL_ACCENT_COLOR_NAME = AccentColor;
				CODE_SIGN_ENTITLEMENTS = LoquivoApp/Loquivo.entitlements;
				CODE_SIGN_IDENTITY = "iPhone Developer";
				INFOPLIST_FILE = LoquivoApp/Info.plist;
				LD_RUNPATH_SEARCH_PATHS = (
					"$(inherited)",
					"@executable_path/Frameworks",
				);
				LOQUIVO_API_BASE_URL = "$(LOQUIVO_PRODUCTION_API_BASE_URL)";
				PRODUCT_BUNDLE_IDENTIFIER = com.loquivo.app;
				PRODUCT_MODULE_NAME = Loquivo;
				PRODUCT_NAME = Loquivo;
				SDKROOT = iphoneos;
				TARGETED_DEVICE_FAMILY = "1,2";
			};
			name = Release;
		};
		29EB33F2FEF18BA0EAA7D74E /* Staging */ = {
			isa = XCBuildConfiguration;
			baseConfigurationReference = 4C0163E60FC401F8DB31F675 /* Shared.xcconfig */;
			buildSettings = {
				ASSETCATALOG_COMPILER_APPICON_NAME = AppIcon;
				ASSETCATALOG_COMPILER_GLOBAL_ACCENT_COLOR_NAME = AccentColor;
				CODE_SIGN_ENTITLEMENTS = LoquivoApp/Loquivo.entitlements;
				CODE_SIGN_IDENTITY = "iPhone Developer";
				INFOPLIST_FILE = LoquivoApp/Info.plist;
				LD_RUNPATH_SEARCH_PATHS = (
					"$(inherited)",
					"@executable_path/Frameworks",
				);
				LOQUIVO_API_BASE_URL = "$(LOQUIVO_STAGING_API_BASE_URL)";
				PRODUCT_BUNDLE_IDENTIFIER = com.loquivo.app;
				PRODUCT_MODULE_NAME = Loquivo;
				PRODUCT_NAME = Loquivo;
				SDKROOT = iphoneos;
				SWIFT_ACTIVE_COMPILATION_CONDITIONS = STAGING;
				TARGETED_DEVICE_FAMILY = "1,2";
			};
			name = Staging;
		};
		2E4EFCADD05FC2C726798FA0 /* Release */ = {
			isa = XCBuildConfiguration;
			buildSettings = {
				BUNDLE_LOADER = "$(TEST_HOST)";
				LD_RUNPATH_SEARCH_PATHS = (
					"$(inherited)",
					"@executable_path/Frameworks",
					"@loader_path/Frameworks",
				);
				PRODUCT_BUNDLE_IDENTIFIER = com.loquivo.LoquivoUITests;
				SDKROOT = iphoneos;
				TARGETED_DEVICE_FAMILY = "1,2";
				TEST_TARGET_NAME = Loquivo;
			};
			name = Release;
		};
		6E46B6A64FDA6D36CD9E5356 /* Debug */ = {
			isa = XCBuildConfiguration;
			buildSettings = {
				BUNDLE_LOADER = "$(TEST_HOST)";
				LD_RUNPATH_SEARCH_PATHS = (
					"$(inherited)",
					"@executable_path/Frameworks",
					"@loader_path/Frameworks",
				);
				PRODUCT_BUNDLE_IDENTIFIER = com.loquivo.LoquivoTests;
				SDKROOT = iphoneos;
				TARGETED_DEVICE_FAMILY = "1,2";
				TEST_HOST = "$(BUILT_PRODUCTS_DIR)/Loquivo.app/Loquivo";
			};
			name = Debug;
		};
		730FFA4B91BDACFDECB3F2F4 /* Release */ = {
			isa = XCBuildConfiguration;
			buildSettings = {
				ALWAYS_SEARCH_USER_PATHS = NO;
				CLANG_ANALYZER_NONNULL = YES;
				CLANG_ANALYZER_NUMBER_OBJECT_CONVERSION = YES_AGGRESSIVE;
				CLANG_CXX_LANGUAGE_STANDARD = "gnu++14";
				CLANG_CXX_LIBRARY = "libc++";
				CLANG_ENABLE_MODULES = YES;
				CLANG_ENABLE_OBJC_ARC = YES;
				CLANG_ENABLE_OBJC_WEAK = YES;
				CLANG_WARN_BLOCK_CAPTURE_AUTORELEASING = YES;
				CLANG_WARN_BOOL_CONVERSION = YES;
				CLANG_WARN_COMMA = YES;
				CLANG_WARN_CONSTANT_CONVERSION = YES;
				CLANG_WARN_DEPRECATED_OBJC_IMPLEMENTATIONS = YES;
				CLANG_WARN_DIRECT_OBJC_ISA_USAGE = YES_ERROR;
				CLANG_WARN_DOCUMENTATION_COMMENTS = YES;
				CLANG_WARN_EMPTY_BODY = YES;
				CLANG_WARN_ENUM_CONVERSION = YES;
				CLANG_WARN_INFINITE_RECURSION = YES;
				CLANG_WARN_INT_CONVERSION = YES;
				CLANG_WARN_NON_LITERAL_NULL_CONVERSION = YES;
				CLANG_WARN_OBJC_IMPLICIT_RETAIN_SELF = YES;
				CLANG_WARN_OBJC_LITERAL_CONVERSION = YES;
				CLANG_WARN_OBJC_ROOT_CLASS = YES_ERROR;
				CLANG_WARN_QUOTED_INCLUDE_IN_FRAMEWORK_HEADER = YES;
				CLANG_WARN_RANGE_LOOP_ANALYSIS = YES;
				CLANG_WARN_STRICT_PROTOTYPES = YES;
				CLANG_WARN_SUSPICIOUS_MOVE = YES;
				CLANG_WARN_UNGUARDED_AVAILABILITY = YES_AGGRESSIVE;
				CLANG_WARN_UNREACHABLE_CODE = YES;
				CLANG_WARN__DUPLICATE_METHOD_MATCH = YES;
				CODE_SIGN_STYLE = Automatic;
				COPY_PHASE_STRIP = NO;
				CURRENT_PROJECT_VERSION = 3;
				DEBUG_INFORMATION_FORMAT = "dwarf-with-dsym";
				DEVELOPMENT_TEAM = "";
				ENABLE_NS_ASSERTIONS = NO;
				ENABLE_STRICT_OBJC_MSGSEND = YES;
				GCC_C_LANGUAGE_STANDARD = gnu11;
				GCC_NO_COMMON_BLOCKS = YES;
				GCC_WARN_64_TO_32_BIT_CONVERSION = YES;
				GCC_WARN_ABOUT_RETURN_TYPE = YES_ERROR;
				GCC_WARN_UNDECLARED_SELECTOR = YES;
				GCC_WARN_UNINITIALIZED_AUTOS = YES_AGGRESSIVE;
				GCC_WARN_UNUSED_FUNCTION = YES;
				GCC_WARN_UNUSED_VARIABLE = YES;
				IPHONEOS_DEPLOYMENT_TARGET = 17.0;
				MARKETING_VERSION = 1.1.0;
				MTL_ENABLE_DEBUG_INFO = NO;
				MTL_FAST_MATH = YES;
				PRODUCT_NAME = "$(TARGET_NAME)";
				SDKROOT = iphoneos;
				SWIFT_COMPILATION_MODE = wholemodule;
				SWIFT_OPTIMIZATION_LEVEL = "-O";
				SWIFT_VERSION = 6.0;
				TARGETED_DEVICE_FAMILY = "1,2";
			};
			name = Release;
		};
		967F51653899425853E2262E /* Staging */ = {
			isa = XCBuildConfiguration;
			buildSettings = {
				BUNDLE_LOADER = "$(TEST_HOST)";
				LD_RUNPATH_SEARCH_PATHS = (
					"$(inherited)",
					"@executable_path/Frameworks",
					"@loader_path/Frameworks",
				);
				PRODUCT_BUNDLE_IDENTIFIER = com.loquivo.LoquivoTests;
				SDKROOT = iphoneos;
				TARGETED_DEVICE_FAMILY = "1,2";
				TEST_HOST = "$(BUILT_PRODUCTS_DIR)/Loquivo.app/Loquivo";
			};
			name = Staging;
		};
		B05F4E270FDD87BBB41FBC63 /* Debug */ = {
			isa = XCBuildConfiguration;
			buildSettings = {
				BUNDLE_LOADER = "$(TEST_HOST)";
				LD_RUNPATH_SEARCH_PATHS = (
					"$(inherited)",
					"@executable_path/Frameworks",
					"@loader_path/Frameworks",
				);
				PRODUCT_BUNDLE_IDENTIFIER = com.loquivo.LoquivoUITests;
				SDKROOT = iphoneos;
				TARGETED_DEVICE_FAMILY = "1,2";
				TEST_TARGET_NAME = Loquivo;
			};
			name = Debug;
		};
		B4644244777094907ED45434 /* Debug */ = {
			isa = XCBuildConfiguration;
			baseConfigurationReference = 4C0163E60FC401F8DB31F675 /* Shared.xcconfig */;
			buildSettings = {
				ASSETCATALOG_COMPILER_APPICON_NAME = AppIcon;
				ASSETCATALOG_COMPILER_GLOBAL_ACCENT_COLOR_NAME = AccentColor;
				CODE_SIGN_ENTITLEMENTS = LoquivoApp/Loquivo.entitlements;
				CODE_SIGN_IDENTITY = "iPhone Developer";
				INFOPLIST_FILE = LoquivoApp/Info.plist;
				LD_RUNPATH_SEARCH_PATHS = (
					"$(inherited)",
					"@executable_path/Frameworks",
				);
				LOQUIVO_API_BASE_URL = "http:/$()/localhost:3000";
				PRODUCT_BUNDLE_IDENTIFIER = com.loquivo.app;
				PRODUCT_MODULE_NAME = Loquivo;
				PRODUCT_NAME = Loquivo;
				SDKROOT = iphoneos;
				SWIFT_ACTIVE_COMPILATION_CONDITIONS = DEBUG;
				TARGETED_DEVICE_FAMILY = "1,2";
			};
			name = Debug;
		};
		B92F09735F10184D474418FE /* Staging */ = {
			isa = XCBuildConfiguration;
			buildSettings = {
				BUNDLE_LOADER = "$(TEST_HOST)";
				LD_RUNPATH_SEARCH_PATHS = (
					"$(inherited)",
					"@executable_path/Frameworks",
					"@loader_path/Frameworks",
				);
				PRODUCT_BUNDLE_IDENTIFIER = com.loquivo.LoquivoUITests;
				SDKROOT = iphoneos;
				TARGETED_DEVICE_FAMILY = "1,2";
				TEST_TARGET_NAME = Loquivo;
			};
			name = Staging;
		};
		BB4174B4AF31E6BFAEAE2DE7 /* Debug */ = {
			isa = XCBuildConfiguration;
			buildSettings = {
				ALWAYS_SEARCH_USER_PATHS = NO;
				CLANG_ANALYZER_NONNULL = YES;
				CLANG_ANALYZER_NUMBER_OBJECT_CONVERSION = YES_AGGRESSIVE;
				CLANG_CXX_LANGUAGE_STANDARD = "gnu++14";
				CLANG_CXX_LIBRARY = "libc++";
				CLANG_ENABLE_MODULES = YES;
				CLANG_ENABLE_OBJC_ARC = YES;
				CLANG_ENABLE_OBJC_WEAK = YES;
				CLANG_WARN_BLOCK_CAPTURE_AUTORELEASING = YES;
				CLANG_WARN_BOOL_CONVERSION = YES;
				CLANG_WARN_COMMA = YES;
				CLANG_WARN_CONSTANT_CONVERSION = YES;
				CLANG_WARN_DEPRECATED_OBJC_IMPLEMENTATIONS = YES;
				CLANG_WARN_DIRECT_OBJC_ISA_USAGE = YES_ERROR;
				CLANG_WARN_DOCUMENTATION_COMMENTS = YES;
				CLANG_WARN_EMPTY_BODY = YES;
				CLANG_WARN_ENUM_CONVERSION = YES;
				CLANG_WARN_INFINITE_RECURSION = YES;
				CLANG_WARN_INT_CONVERSION = YES;
				CLANG_WARN_NON_LITERAL_NULL_CONVERSION = YES;
				CLANG_WARN_OBJC_IMPLICIT_RETAIN_SELF = YES;
				CLANG_WARN_OBJC_LITERAL_CONVERSION = YES;
				CLANG_WARN_OBJC_ROOT_CLASS = YES_ERROR;
				CLANG_WARN_QUOTED_INCLUDE_IN_FRAMEWORK_HEADER = YES;
				CLANG_WARN_RANGE_LOOP_ANALYSIS = YES;
				CLANG_WARN_STRICT_PROTOTYPES = YES;
				CLANG_WARN_SUSPICIOUS_MOVE = YES;
				CLANG_WARN_UNGUARDED_AVAILABILITY = YES_AGGRESSIVE;
				CLANG_WARN_UNREACHABLE_CODE = YES;
				CLANG_WARN__DUPLICATE_METHOD_MATCH = YES;
				CODE_SIGN_STYLE = Automatic;
				COPY_PHASE_STRIP = NO;
				CURRENT_PROJECT_VERSION = 3;
				DEBUG_INFORMATION_FORMAT = dwarf;
				DEVELOPMENT_TEAM = "";
				ENABLE_STRICT_OBJC_MSGSEND = YES;
				ENABLE_TESTABILITY = YES;
				GCC_C_LANGUAGE_STANDARD = gnu11;
				GCC_DYNAMIC_NO_PIC = NO;
				GCC_NO_COMMON_BLOCKS = YES;
				GCC_OPTIMIZATION_LEVEL = 0;
				GCC_PREPROCESSOR_DEFINITIONS = (
					"$(inherited)",
					"DEBUG=1",
				);
				GCC_WARN_64_TO_32_BIT_CONVERSION = YES;
				GCC_WARN_ABOUT_RETURN_TYPE = YES_ERROR;
				GCC_WARN_UNDECLARED_SELECTOR = YES;
				GCC_WARN_UNINITIALIZED_AUTOS = YES_AGGRESSIVE;
				GCC_WARN_UNUSED_FUNCTION = YES;
				GCC_WARN_UNUSED_VARIABLE = YES;
				IPHONEOS_DEPLOYMENT_TARGET = 17.0;
				MARKETING_VERSION = 1.1.0;
				MTL_ENABLE_DEBUG_INFO = INCLUDE_SOURCE;
				MTL_FAST_MATH = YES;
				ONLY_ACTIVE_ARCH = YES;
				PRODUCT_NAME = "$(TARGET_NAME)";
				SDKROOT = iphoneos;
				SWIFT_ACTIVE_COMPILATION_CONDITIONS = DEBUG;
				SWIFT_OPTIMIZATION_LEVEL = "-Onone";
				SWIFT_VERSION = 6.0;
				TARGETED_DEVICE_FAMILY = "1,2";
			};
			name = Debug;
		};
		C8B72A370AB4C4713129B455 /* Staging */ = {
			isa = XCBuildConfiguration;
			buildSettings = {
				ALWAYS_SEARCH_USER_PATHS = NO;
				CLANG_ANALYZER_NONNULL = YES;
				CLANG_ANALYZER_NUMBER_OBJECT_CONVERSION = YES_AGGRESSIVE;
				CLANG_CXX_LANGUAGE_STANDARD = "gnu++14";
				CLANG_CXX_LIBRARY = "libc++";
				CLANG_ENABLE_MODULES = YES;
				CLANG_ENABLE_OBJC_ARC = YES;
				CLANG_ENABLE_OBJC_WEAK = YES;
				CLANG_WARN_BLOCK_CAPTURE_AUTORELEASING = YES;
				CLANG_WARN_BOOL_CONVERSION = YES;
				CLANG_WARN_COMMA = YES;
				CLANG_WARN_CONSTANT_CONVERSION = YES;
				CLANG_WARN_DEPRECATED_OBJC_IMPLEMENTATIONS = YES;
				CLANG_WARN_DIRECT_OBJC_ISA_USAGE = YES_ERROR;
				CLANG_WARN_DOCUMENTATION_COMMENTS = YES;
				CLANG_WARN_EMPTY_BODY = YES;
				CLANG_WARN_ENUM_CONVERSION = YES;
				CLANG_WARN_INFINITE_RECURSION = YES;
				CLANG_WARN_INT_CONVERSION = YES;
				CLANG_WARN_NON_LITERAL_NULL_CONVERSION = YES;
				CLANG_WARN_OBJC_IMPLICIT_RETAIN_SELF = YES;
				CLANG_WARN_OBJC_LITERAL_CONVERSION = YES;
				CLANG_WARN_OBJC_ROOT_CLASS = YES_ERROR;
				CLANG_WARN_QUOTED_INCLUDE_IN_FRAMEWORK_HEADER = YES;
				CLANG_WARN_RANGE_LOOP_ANALYSIS = YES;
				CLANG_WARN_STRICT_PROTOTYPES = YES;
				CLANG_WARN_SUSPICIOUS_MOVE = YES;
				CLANG_WARN_UNGUARDED_AVAILABILITY = YES_AGGRESSIVE;
				CLANG_WARN_UNREACHABLE_CODE = YES;
				CLANG_WARN__DUPLICATE_METHOD_MATCH = YES;
				CODE_SIGN_STYLE = Automatic;
				COPY_PHASE_STRIP = NO;
				CURRENT_PROJECT_VERSION = 3;
				DEBUG_INFORMATION_FORMAT = "dwarf-with-dsym";
				DEVELOPMENT_TEAM = "";
				ENABLE_NS_ASSERTIONS = NO;
				ENABLE_STRICT_OBJC_MSGSEND = YES;
				GCC_C_LANGUAGE_STANDARD = gnu11;
				GCC_NO_COMMON_BLOCKS = YES;
				GCC_WARN_64_TO_32_BIT_CONVERSION = YES;
				GCC_WARN_ABOUT_RETURN_TYPE = YES_ERROR;
				GCC_WARN_UNDECLARED_SELECTOR = YES;
				GCC_WARN_UNINITIALIZED_AUTOS = YES_AGGRESSIVE;
				GCC_WARN_UNUSED_FUNCTION = YES;
				GCC_WARN_UNUSED_VARIABLE = YES;
				IPHONEOS_DEPLOYMENT_TARGET = 17.0;
				MARKETING_VERSION = 1.1.0;
				MTL_ENABLE_DEBUG_INFO = NO;
				MTL_FAST_MATH = YES;
				PRODUCT_NAME = "$(TARGET_NAME)";
				SDKROOT = iphoneos;
				SWIFT_COMPILATION_MODE = wholemodule;
				SWIFT_OPTIMIZATION_LEVEL = "-O";
				SWIFT_VERSION = 6.0;
				TARGETED_DEVICE_FAMILY = "1,2";
			};
			name = Staging;
		};
		F406DB014E518888EFA1FA4E /* Release */ = {
			isa = XCBuildConfiguration;
			buildSettings = {
				BUNDLE_LOADER = "$(TEST_HOST)";
				LD_RUNPATH_SEARCH_PATHS = (
					"$(inherited)",
					"@executable_path/Frameworks",
					"@loader_path/Frameworks",
				);
				PRODUCT_BUNDLE_IDENTIFIER = com.loquivo.LoquivoTests;
				SDKROOT = iphoneos;
				TARGETED_DEVICE_FAMILY = "1,2";
				TEST_HOST = "$(BUILT_PRODUCTS_DIR)/Loquivo.app/Loquivo";
			};
			name = Release;
		};
/* End XCBuildConfiguration section */

/* Begin XCConfigurationList section */
		8B542650CB8A4443C33AAA23 /* Build configuration list for PBXNativeTarget "LoquivoTests" */ = {
			isa = XCConfigurationList;
			buildConfigurations = (
				6E46B6A64FDA6D36CD9E5356 /* Debug */,
				F406DB014E518888EFA1FA4E /* Release */,
				967F51653899425853E2262E /* Staging */,
			);
			defaultConfigurationIsVisible = 0;
			defaultConfigurationName = Debug;
		};
		963352C3F542DD18D50612C0 /* Build configuration list for PBXProject "Loquivo" */ = {
			isa = XCConfigurationList;
			buildConfigurations = (
				BB4174B4AF31E6BFAEAE2DE7 /* Debug */,
				730FFA4B91BDACFDECB3F2F4 /* Release */,
				C8B72A370AB4C4713129B455 /* Staging */,
			);
			defaultConfigurationIsVisible = 0;
			defaultConfigurationName = Debug;
		};
		ACDAEA2040A332EE4F5C24B4 /* Build configuration list for PBXNativeTarget "LoquivoUITests" */ = {
			isa = XCConfigurationList;
			buildConfigurations = (
				B05F4E270FDD87BBB41FBC63 /* Debug */,
				2E4EFCADD05FC2C726798FA0 /* Release */,
				B92F09735F10184D474418FE /* Staging */,
			);
			defaultConfigurationIsVisible = 0;
			defaultConfigurationName = Debug;
		};
		EC3E0303BF348A43121FEA15 /* Build configuration list for PBXNativeTarget "Loquivo" */ = {
			isa = XCConfigurationList;
			buildConfigurations = (
				B4644244777094907ED45434 /* Debug */,
				03F66407BE354A42C3438E77 /* Release */,
				29EB33F2FEF18BA0EAA7D74E /* Staging */,
			);
			defaultConfigurationIsVisible = 0;
			defaultConfigurationName = Debug;
		};
/* End XCConfigurationList section */

/* Begin XCLocalSwiftPackageReference section */
		F29217BEA8D5023895B2C62B /* XCLocalSwiftPackageReference "../LoquivoCore" */ = {
			isa = XCLocalSwiftPackageReference;
			relativePath = ../LoquivoCore;
		};
/* End XCLocalSwiftPackageReference section */

/* Begin XCSwiftPackageProductDependency section */
		8ECACE2E543DE7A62AF9167C /* LoquivoCore */ = {
			isa = XCSwiftPackageProductDependency;
			productName = LoquivoCore;
		};
		D32EEB1F4A5FFFDDF2D4C72E /* LoquivoCore */ = {
			isa = XCSwiftPackageProductDependency;
			productName = LoquivoCore;
		};
/* End XCSwiftPackageProductDependency section */
	};
	rootObject = E329497934EB6B889CAA1CB3 /* Project object */;
}
